
Microsoft Visual Studio Solution File, Format Version 12.00
# Visual Studio Version 17
VisualStudioVersion = 17.8.34525.116
MinimumVisualStudioVersion = 10.0.40219.1
Project("{9A19103F-16F7-4668-BE54-9A1E7A4F7556}") = "pr4", "pr4.csproj", "{248784F8-7F24-45A0-8D02-C1CE2459BEA3}"
EndProject
Project("{9A19103F-16F7-4668-BE54-9A1E7A4F7556}") = "pr4.Desktop", "..\pr4.Desktop\pr4.Desktop.csproj", "{32E1B09A-CD3B-4049-8CA8-BA7B4182D0F5}"
EndProject
Global
	GlobalSection(SolutionConfigurationPlatforms) = preSolution
		Debug|Any CPU = Debug|Any CPU
		Release|Any CPU = Release|Any CPU
	EndGlobalSection
	GlobalSection(ProjectConfigurationPlatforms) = postSolution
		{248784F8-7F24-45A0-8D02-C1CE2459BEA3}.Debug|Any CPU.ActiveCfg = Debug|Any CPU
		{248784F8-7F24-45A0-8D02-C1CE2459BEA3}.Debug|Any CPU.Build.0 = Debug|Any CPU
		{248784F8-7F24-45A0-8D02-C1CE2459BEA3}.Release|Any CPU.ActiveCfg = Release|Any CPU
		{248784F8-7F24-45A0-8D02-C1CE2459BEA3}.Release|Any CPU.Build.0 = Release|Any CPU
		{32E1B09A-CD3B-4049-8CA8-BA7B4182D0F5}.Debug|Any CPU.ActiveCfg = Debug|Any CPU
		{32E1B09A-CD3B-4049-8CA8-BA7B4182D0F5}.Debug|Any CPU.Build.0 = Debug|Any CPU
		{32E1B09A-CD3B-4049-8CA8-BA7B4182D0F5}.Release|Any CPU.ActiveCfg = Release|Any CPU
		{32E1B09A-CD3B-4049-8CA8-BA7B4182D0F5}.Release|Any CPU.Build.0 = Release|Any CPU
	EndGlobalSection
	GlobalSection(SolutionProperties) = preSolution
		HideSolutionNode = FALSE
	EndGlobalSection
	GlobalSection(ExtensibilityGlobals) = postSolution
		SolutionGuid = {3BCA59E7-F90F-4F3E-B3D0-70847E209287}
	EndGlobalSection
EndGlobal
